// !$*UTF8*$!
{
	archiveVersion = 1;
	classes = {
	};
	objectVersion = 56;
	objects = {

/* Begin PBXBuildFile section */
		A1234567890123456789ABCD /* KaleidoscopeApp.swift in Sources */ = {isa = PBXBuildFile; fileRef = A1234567890123456789ABCE /* KaleidoscopeApp.swift */; };
		A1234567890123456789ABCF /* ContentView.swift in Sources */ = {isa = PBXBuildFile; fileRef = A1234567890123456789ABD0 /* ContentView.swift */; };
		A1234567890123456789ABD1 /* KaleidoscopeRenderer.swift in Sources */ = {isa = PBXBuildFile; fileRef = A1234567890123456789ABD2 /* KaleidoscopeRenderer.swift */; };
		A1234567890123456789ABD3 /* Shaders.metal in Sources */ = {isa = PBXBuildFile; fileRef = A1234567890123456789ABD4 /* Shaders.metal */; };
		A1234567890123456789ABD5 /* MathematicalBeautyEngine.swift in Sources */ = {isa = PBXBuildFile; fileRef = A1234567890123456789ABD6 /* MathematicalBeautyEngine.swift */; };
		A1234567890123456789ABD7 /* ParticleSystem.swift in Sources */ = {isa = PBXBuildFile; fileRef = A1234567890123456789ABD8 /* ParticleSystem.swift */; };
		A1234567890123456789ABD9 /* ParticleShaders.metal in Sources */ = {isa = PBXBuildFile; fileRef = A1234567890123456789ABDA /* ParticleShaders.metal */; };
		A1234567890123456789ABDB /* ColorScienceEngine.swift in Sources */ = {isa = PBXBuildFile; fileRef = A1234567890123456789ABDC /* ColorScienceEngine.swift */; };
		A1234567890123456789ABDD /* MultiSensoryEngine.swift in Sources */ = {isa = PBXBuildFile; fileRef = A1234567890123456789ABDE /* MultiSensoryEngine.swift */; };
		A1234567890123456789ABDF /* EducationalEngine.swift in Sources */ = {isa = PBXBuildFile; fileRef = A1234567890123456789ABE0 /* EducationalEngine.swift */; };
/* End PBXBuildFile section */

/* Begin PBXFileReference section */
		A1234567890123456789ABCB /* KaleidoscopeApp.app */ = {isa = PBXFileReference; explicitFileType = wrapper.application; includeInIndex = 0; path = KaleidoscopeApp.app; sourceTree = BUILT_PRODUCTS_DIR; };
		A1234567890123456789ABCE /* KaleidoscopeApp.swift */ = {isa = PBXFileReference; lastKnownFileType = sourcecode.swift; path = KaleidoscopeApp.swift; sourceTree = "<group>"; };
		A1234567890123456789ABD0 /* ContentView.swift */ = {isa = PBXFileReference; lastKnownFileType = sourcecode.swift; path = ContentView.swift; sourceTree = "<group>"; };
		A1234567890123456789ABD2 /* KaleidoscopeRenderer.swift */ = {isa = PBXFileReference; lastKnownFileType = sourcecode.swift; path = KaleidoscopeRenderer.swift; sourceTree = "<group>"; };
		A1234567890123456789ABD4 /* Shaders.metal */ = {isa = PBXFileReference; lastKnownFileType = sourcecode.metal; path = Shaders.metal; sourceTree = "<group>"; };
		A1234567890123456789ABD6 /* MathematicalBeautyEngine.swift */ = {isa = PBXFileReference; lastKnownFileType = sourcecode.swift; path = MathematicalBeautyEngine.swift; sourceTree = "<group>"; };
		A1234567890123456789ABD8 /* ParticleSystem.swift */ = {isa = PBXFileReference; lastKnownFileType = sourcecode.swift; path = ParticleSystem.swift; sourceTree = "<group>"; };
		A1234567890123456789ABDA /* ParticleShaders.metal */ = {isa = PBXFileReference; lastKnownFileType = sourcecode.metal; path = ParticleShaders.metal; sourceTree = "<group>"; };
		A1234567890123456789ABDC /* ColorScienceEngine.swift */ = {isa = PBXFileReference; lastKnownFileType = sourcecode.swift; path = ColorScienceEngine.swift; sourceTree = "<group>"; };
		A1234567890123456789ABDE /* MultiSensoryEngine.swift */ = {isa = PBXFileReference; lastKnownFileType = sourcecode.swift; path = MultiSensoryEngine.swift; sourceTree = "<group>"; };
		A1234567890123456789ABE0 /* EducationalEngine.swift */ = {isa = PBXFileReference; lastKnownFileType = sourcecode.swift; path = EducationalEngine.swift; sourceTree = "<group>"; };
		A1234567890123456789ABE1 /* Info.plist */ = {isa = PBXFileReference; lastKnownFileType = text.plist.xml; path = Info.plist; sourceTree = "<group>"; };
/* End PBXFileReference section */

/* Begin PBXFrameworksBuildPhase section */
		A1234567890123456789ABC8 /* Frameworks */ = {
			isa = PBXFrameworksBuildPhase;
			buildActionMask = 2147483647;
			files = (
			);
			runOnlyForDeploymentPostprocessing = 0;
		};
/* End PBXFrameworksBuildPhase section */

/* Begin PBXGroup section */
		A1234567890123456789ABC2 = {
			isa = PBXGroup;
			children = (
				A1234567890123456789ABC5 /* KaleidoscopeApp */,
				A1234567890123456789ABCC /* Products */,
			);
			sourceTree = "<group>";
		};
		A1234567890123456789ABCC /* Products */ = {
			isa = PBXGroup;
			children = (
				A1234567890123456789ABCB /* KaleidoscopeApp.app */,
			);
			name = Products;
			sourceTree = "<group>";
		};
		A1234567890123456789ABC5 /* KaleidoscopeApp */ = {
			isa = PBXGroup;
			children = (
				A1234567890123456789ABCE /* KaleidoscopeApp.swift */,
				A1234567890123456789ABD0 /* ContentView.swift */,
				A1234567890123456789ABD2 /* KaleidoscopeRenderer.swift */,
				A1234567890123456789ABD4 /* Shaders.metal */,
				A1234567890123456789ABD6 /* MathematicalBeautyEngine.swift */,
				A1234567890123456789ABD8 /* ParticleSystem.swift */,
				A1234567890123456789ABDA /* ParticleShaders.metal */,
				A1234567890123456789ABDC /* ColorScienceEngine.swift */,
				A1234567890123456789ABDE /* MultiSensoryEngine.swift */,
				A1234567890123456789ABE0 /* EducationalEngine.swift */,
				A1234567890123456789ABE1 /* Info.plist */,
			);
			path = KaleidoscopeApp;
			sourceTree = "<group>";
		};
/* End PBXGroup section */

/* Begin PBXNativeTarget section */
		A1234567890123456789ABCA /* KaleidoscopeApp */ = {
			isa = PBXNativeTarget;
			buildConfigurationList = A1234567890123456789ABE4 /* Build configuration list for PBXNativeTarget "KaleidoscopeApp" */;
			buildPhases = (
				A1234567890123456789ABC7 /* Sources */,
				A1234567890123456789ABC8 /* Frameworks */,
				A1234567890123456789ABC9 /* Resources */,
			);
			buildRules = (
			);
			dependencies = (
			);
			name = KaleidoscopeApp;
			productName = KaleidoscopeApp;
			productReference = A1234567890123456789ABCB /* KaleidoscopeApp.app */;
			productType = "com.apple.product-type.application";
		};
/* End PBXNativeTarget section */

/* Begin PBXProject section */
		A1234567890123456789ABC3 /* Project object */ = {
			isa = PBXProject;
			attributes = {
				BuildIndependentTargetsInParallel = 1;
				LastSwiftUpdateCheck = 1500;
				LastUpgradeCheck = 1500;
				TargetAttributes = {
					A1234567890123456789ABCA = {
						CreatedOnToolsVersion = 15.0;
					};
				};
			};
			buildConfigurationList = A1234567890123456789ABC6 /* Build configuration list for PBXProject "KaleidoscopeApp" */;
			compatibilityVersion = "Xcode 14.0";
			developmentRegion = en;
			hasScannedForEncodings = 0;
			knownRegions = (
				en,
				Base,
				es,
				fr,
				de,
				ja,
				zh,
			);
			mainGroup = A1234567890123456789ABC2;
			productRefGroup = A1234567890123456789ABCC /* Products */;
			projectDirPath = "";
			projectRoot = "";
			targets = (
				A1234567890123456789ABCA /* KaleidoscopeApp */,
			);
		};
/* End PBXProject section */

/* Begin PBXResourcesBuildPhase section */
		A1234567890123456789ABC9 /* Resources */ = {
			isa = PBXResourcesBuildPhase;
			buildActionMask = 2147483647;
			files = (
			);
			runOnlyForDeploymentPostprocessing = 0;
		};
/* End PBXResourcesBuildPhase section */

/* Begin PBXSourcesBuildPhase section */
		A1234567890123456789ABC7 /* Sources */ = {
			isa = PBXSourcesBuildPhase;
			buildActionMask = 2147483647;
			files = (
				A1234567890123456789ABCF /* ContentView.swift in Sources */,
				A1234567890123456789ABCD /* KaleidoscopeApp.swift in Sources */,
				A1234567890123456789ABD1 /* KaleidoscopeRenderer.swift in Sources */,
				A1234567890123456789ABD3 /* Shaders.metal in Sources */,
				A1234567890123456789ABD5 /* MathematicalBeautyEngine.swift in Sources */,
				A1234567890123456789ABD7 /* ParticleSystem.swift in Sources */,
				A1234567890123456789ABD9 /* ParticleShaders.metal in Sources */,
				A1234567890123456789ABDB /* ColorScienceEngine.swift in Sources */,
				A1234567890123456789ABDD /* MultiSensoryEngine.swift in Sources */,
				A1234567890123456789ABDF /* EducationalEngine.swift in Sources */,
			);
			runOnlyForDeploymentPostprocessing = 0;
		};
/* End PBXSourcesBuildPhase section */

/* Begin XCBuildConfiguration section */
		A1234567890123456789ABE2 /* Debug */ = {
			isa = XCBuildConfiguration;
			buildSettings = {
				ALWAYS_SEARCH_USER_PATHS = NO;
				CLANG_ANALYZER_NONNULL = YES;
				CLANG_ANALYZER_NUMBER_OBJECT_CONVERSION = YES_AGGRESSIVE;
				CLANG_CXX_LANGUAGE_STANDARD = "gnu++20";
				CLANG_ENABLE_MODULES = YES;
				CLANG_ENABLE_OBJC_ARC = YES;
				CLANG_ENABLE_OBJC_WEAK = YES;
				CLANG_WARN_BLOCK_CAPTURE_AUTORELEASING = YES;
				CLANG_WARN_BOOL_CONVERSION = YES;
				CLANG_WARN_COMMA = YES;
				CLANG_WARN_CONSTANT_CONVERSION = YES;
				CLANG_WARN_DEPRECATED_OBJC_IMPLEMENTATIONS = YES;
				CLANG_WARN_DIRECT_OBJC_ISA_USAGE = YES_ERROR;
				CLANG_WARN_DOCUMENTATION_COMMENTS = YES;
				CLANG_WARN_EMPTY_BODY = YES;
				CLANG_WARN_ENUM_CONVERSION = YES;
				CLANG_WARN_INFINITE_RECURSION = YES;
				CLANG_WARN_INT_CONVERSION = YES;
				CLANG_WARN_NON_LITERAL_NULL_CONVERSION = YES;
				CLANG_WARN_OBJC_IMPLICIT_RETAIN_SELF = YES;
				CLANG_WARN_OBJC_LITERAL_CONVERSION = YES;
				CLANG_WARN_OBJC_ROOT_CLASS = YES_ERROR;
				CLANG_WARN_QUOTED_INCLUDE_IN_FRAMEWORK_HEADER = YES;
				CLANG_WARN_RANGE_LOOP_ANALYSIS = YES;
				CLANG_WARN_STRICT_PROTOTYPES = YES;
				CLANG_WARN_SUSPICIOUS_MOVE = YES;
				CLANG_WARN_UNGUARDED_AVAILABILITY = YES_AGGRESSIVE;
				CLANG_WARN_UNREACHABLE_CODE = YES;
				CLANG_WARN__DUPLICATE_METHOD_MATCH = YES;
				COPY_PHASE_STRIP = NO;
				DEBUG_INFORMATION_FORMAT = dwarf;
				ENABLE_STRICT_OBJC_MSGSEND = YES;
				ENABLE_TESTABILITY = YES;
				GCC_C_LANGUAGE_STANDARD = gnu11;
				GCC_DYNAMIC_NO_PIC = NO;
				GCC_NO_COMMON_BLOCKS = YES;
				GCC_OPTIMIZATION_LEVEL = 0;
				GCC_PREPROCESSOR_DEFINITIONS = (
					"DEBUG=1",
					"$(inherited)",
				);
				GCC_WARN_64_TO_32_BIT_CONVERSION = YES;
				GCC_WARN_ABOUT_RETURN_TYPE = YES_ERROR;
				GCC_WARN_UNDECLARED_SELECTOR = YES;
				GCC_WARN_UNINITIALIZED_AUTOS = YES_AGGRESSIVE;
				GCC_WARN_UNUSED_FUNCTION = YES;
				GCC_WARN_UNUSED_VARIABLE = YES;
				IPHONEOS_DEPLOYMENT_TARGET = 15.0;
				MTL_ENABLE_DEBUG_INFO = INCLUDE_SOURCE;
				MTL_FAST_MATH = YES;
				ONLY_ACTIVE_ARCH = YES;
				SDKROOT = iphoneos;
				SWIFT_ACTIVE_COMPILATION_CONDITIONS = DEBUG;
				SWIFT_OPTIMIZATION_LEVEL = "-Onone";
			};
			name = Debug;
		};
		A1234567890123456789ABE3 /* Release */ = {
			isa = XCBuildConfiguration;
			buildSettings = {
				ALWAYS_SEARCH_USER_PATHS = NO;
				CLANG_ANALYZER_NONNULL = YES;
				CLANG_ANALYZER_NUMBER_OBJECT_CONVERSION = YES_AGGRESSIVE;
				CLANG_CXX_LANGUAGE_STANDARD = "gnu++20";
				CLANG_ENABLE_MODULES = YES;
				CLANG_ENABLE_OBJC_ARC = YES;
				CLANG_ENABLE_OBJC_WEAK = YES;
				CLANG_WARN_BLOCK_CAPTURE_AUTORELEASING = YES;
				CLANG_WARN_BOOL_CONVERSION = YES;
				CLANG_WARN_COMMA = YES;
				CLANG_WARN_CONSTANT_CONVERSION = YES;
				CLANG_WARN_DEPRECATED_OBJC_IMPLEMENTATIONS = YES;
				CLANG_WARN_DIRECT_OBJC_ISA_USAGE = YES_ERROR;
				CLANG_WARN_DOCUMENTATION_COMMENTS = YES;
				CLANG_WARN_EMPTY_BODY = YES;
				CLANG_WARN_ENUM_CONVERSION = YES;
				CLANG_WARN_INFINITE_RECURSION = YES;
				CLANG_WARN_INT_CONVERSION = YES;
				CLANG_WARN_NON_LITERAL_NULL_CONVERSION = YES;
				CLANG_WARN_OBJC_IMPLICIT_RETAIN_SELF = YES;
				CLANG_WARN_OBJC_LITERAL_CONVERSION = YES;
				CLANG_WARN_OBJC_ROOT_CLASS = YES_ERROR;
				CLANG_WARN_QUOTED_INCLUDE_IN_FRAMEWORK_HEADER = YES;
				CLANG_WARN_RANGE_LOOP_ANALYSIS = YES;
				CLANG_WARN_STRICT_PROTOTYPES = YES;
				CLANG_WARN_SUSPICIOUS_MOVE = YES;
				CLANG_WARN_UNGUARDED_AVAILABILITY = YES_AGGRESSIVE;
				CLANG_WARN_UNREACHABLE_CODE = YES;
				CLANG_WARN__DUPLICATE_METHOD_MATCH = YES;
				COPY_PHASE_STRIP = NO;
				DEBUG_INFORMATION_FORMAT = "dwarf-with-dsym";
				ENABLE_NS_ASSERTIONS = NO;
				ENABLE_STRICT_OBJC_MSGSEND = YES;
				GCC_C_LANGUAGE_STANDARD = gnu11;
				GCC_NO_COMMON_BLOCKS = YES;
				GCC_WARN_64_TO_32_BIT_CONVERSION = YES;
				GCC_WARN_ABOUT_RETURN_TYPE = YES_ERROR;
				GCC_WARN_UNDECLARED_SELECTOR = YES;
				GCC_WARN_UNINITIALIZED_AUTOS = YES_AGGRESSIVE;
				GCC_WARN_UNUSED_FUNCTION = YES;
				GCC_WARN_UNUSED_VARIABLE = YES;
				IPHONEOS_DEPLOYMENT_TARGET = 15.0;
				MTL_ENABLE_DEBUG_INFO = NO;
				MTL_FAST_MATH = YES;
				SDKROOT = iphoneos;
				SWIFT_COMPILATION_MODE = wholemodule;
				SWIFT_OPTIMIZATION_LEVEL = "-O";
				VALIDATE_PRODUCT = YES;
			};
			name = Release;
		};
		A1234567890123456789ABE5 /* Debug */ = {
			isa = XCBuildConfiguration;
			buildSettings = {
				ASSETCATALOG_COMPILER_APPICON_NAME = AppIcon;
				ASSETCATALOG_COMPILER_GLOBAL_ACCENT_COLOR_NAME = AccentColor;
				CODE_SIGN_STYLE = Manual;
				CODE_SIGN_IDENTITY = "";
				CURRENT_PROJECT_VERSION = 1;
				DEVELOPMENT_ASSET_PATHS = "";
				ENABLE_PREVIEWS = YES;
				GENERATE_INFOPLIST_FILE = NO;
				INFOPLIST_FILE = KaleidoscopeApp/Info.plist;
				INFOPLIST_KEY_UIApplicationSceneManifest_Generation = YES;
				INFOPLIST_KEY_UIApplicationSupportsIndirectInputEvents = YES;
				INFOPLIST_KEY_UILaunchScreen_Generation = YES;
				INFOPLIST_KEY_UISupportedInterfaceOrientations = "UIInterfaceOrientationLandscapeLeft UIInterfaceOrientationLandscapeRight UIInterfaceOrientationPortrait";
				INFOPLIST_KEY_UISupportedInterfaceOrientations_iPad = "UIInterfaceOrientationLandscapeLeft UIInterfaceOrientationLandscapeRight UIInterfaceOrientationPortrait UIInterfaceOrientationPortraitUpsideDown";
				IPHONEOS_DEPLOYMENT_TARGET = 15.0;
				LD_RUNPATH_SEARCH_PATHS = (
					"$(inherited)",
					"@executable_path/Frameworks",
				);
				MARKETING_VERSION = 1.0;
				PRODUCT_BUNDLE_IDENTIFIER = com.kaleidoscope.app;
				PRODUCT_NAME = "$(TARGET_NAME)";
				SWIFT_EMIT_LOC_STRINGS = YES;
				SWIFT_VERSION = 5.0;
				TARGETED_DEVICE_FAMILY = "1,2";
			};
			name = Debug;
		};
		A1234567890123456789ABE6 /* Release */ = {
			isa = XCBuildConfiguration;
			buildSettings = {
				ASSETCATALOG_COMPILER_APPICON_NAME = AppIcon;
				ASSETCATALOG_COMPILER_GLOBAL_ACCENT_COLOR_NAME = AccentColor;
				CODE_SIGN_STYLE = Manual;
				CODE_SIGN_IDENTITY = "";
				CURRENT_PROJECT_VERSION = 1;
				DEVELOPMENT_ASSET_PATHS = "";
				ENABLE_PREVIEWS = YES;
				GENERATE_INFOPLIST_FILE = NO;
				INFOPLIST_FILE = KaleidoscopeApp/Info.plist;
				INFOPLIST_KEY_UIApplicationSceneManifest_Generation = YES;
				INFOPLIST_KEY_UIApplicationSupportsIndirectInputEvents = YES;
				INFOPLIST_KEY_UILaunchScreen_Generation = YES;
				INFOPLIST_KEY_UISupportedInterfaceOrientations = "UIInterfaceOrientationLandscapeLeft UIInterfaceOrientationLandscapeRight UIInterfaceOrientationPortrait";
				INFOPLIST_KEY_UISupportedInterfaceOrientations_iPad = "UIInterfaceOrientationLandscapeLeft UIInterfaceOrientationLandscapeRight UIInterfaceOrientationPortrait UIInterfaceOrientationPortraitUpsideDown";
				IPHONEOS_DEPLOYMENT_TARGET = 15.0;
				LD_RUNPATH_SEARCH_PATHS = (
					"$(inherited)",
					"@executable_path/Frameworks",
				);
				MARKETING_VERSION = 1.0;
				PRODUCT_BUNDLE_IDENTIFIER = com.kaleidoscope.app;
				PRODUCT_NAME = "$(TARGET_NAME)";
				SWIFT_EMIT_LOC_STRINGS = YES;
				SWIFT_VERSION = 5.0;
				TARGETED_DEVICE_FAMILY = "1,2";
			};
			name = Release;
		};
/* End XCBuildConfiguration section */

/* Begin XCConfigurationList section */
		A1234567890123456789ABC6 /* Build configuration list for PBXProject "KaleidoscopeApp" */ = {
			isa = XCConfigurationList;
			buildConfigurations = (
				A1234567890123456789ABE2 /* Debug */,
				A1234567890123456789ABE3 /* Release */,
			);
			defaultConfigurationIsVisible = 0;
			defaultConfigurationName = Release;
		};
		A1234567890123456789ABE4 /* Build configuration list for PBXNativeTarget "KaleidoscopeApp" */ = {
			isa = XCConfigurationList;
			buildConfigurations = (
				A1234567890123456789ABE5 /* Debug */,
				A1234567890123456789ABE6 /* Release */,
			);
			defaultConfigurationIsVisible = 0;
			defaultConfigurationName = Release;
		};
/* End XCConfigurationList section */
	};
	rootObject = A1234567890123456789ABC3 /* Project object */;
}